
Microsoft Visual Studio Solution File, Format Version 12.00
# Visual Studio 15
VisualStudioVersion = 15.0.27428.2027
MinimumVisualStudioVersion = 10.0.40219.1
Project("{FAE04EC0-301F-11D3-BF4B-00C04F79EFBC}") = "loto.server", "loto.server\loto.server.csproj", "{409FFA53-A9FE-482E-99DB-93521307A7CD}"
EndProject
Global
	GlobalSection(SolutionConfigurationPlatforms) = preSolution
		Debug|Any CPU = Debug|Any CPU
		Release|Any CPU = Release|Any CPU
	EndGlobalSection
	GlobalSection(ProjectConfigurationPlatforms) = postSolution
		{409FFA53-A9FE-482E-99DB-93521307A7CD}.Debug|Any CPU.ActiveCfg = Debug|Any CPU
		{409FFA53-A9FE-482E-99DB-93521307A7CD}.Debug|Any CPU.Build.0 = Debug|Any CPU
		{409FFA53-A9FE-482E-99DB-93521307A7CD}.Release|Any CPU.ActiveCfg = Release|Any CPU
		{409FFA53-A9FE-482E-99DB-93521307A7CD}.Release|Any CPU.Build.0 = Release|Any CPU
	EndGlobalSection
	GlobalSection(SolutionProperties) = preSolution
		HideSolutionNode = FALSE
	EndGlobalSection
	GlobalSection(ExtensibilityGlobals) = postSolution
		SolutionGuid = {117D11E0-50BF-410C-BEA8-F35AAFEF818B}
	EndGlobalSection
EndGlobal
